
Microsoft Visual Studio Solution File, Format Version 12.00
# Visual Studio Version 17
VisualStudioVersion = 17.10.35013.160
MinimumVisualStudioVersion = 10.0.40219.1
Project("{FAE04EC0-301F-11D3-BF4B-00C04F79EFBC}") = "SistemaEscolar.Web", "SistemaEscolar.Web\SistemaEscolar.Web.csproj", "{D6B04D04-2501-4E14-A2EA-F659AF5301AF}"
EndProject
Project("{FAE04EC0-301F-11D3-BF4B-00C04F79EFBC}") = "SistemaEscolar.Data", "SistemaEscolar.Data\SistemaEscolar.Data.csproj", "{30CB86E5-E493-455D-94EA-4CCAA37A80A8}"
EndProject
Project("{FAE04EC0-301F-11D3-BF4B-00C04F79EFBC}") = "SistemaEscolar.Test", "SistemaEscolar.Test\SistemaEscolar.Test.csproj", "{6B99DCD3-94EA-446D-B48D-11558DA95263}"
EndProject
Global
	GlobalSection(SolutionConfigurationPlatforms) = preSolution
		Debug|Any CPU = Debug|Any CPU
		Release|Any CPU = Release|Any CPU
	EndGlobalSection
	GlobalSection(ProjectConfigurationPlatforms) = postSolution
		{D6B04D04-2501-4E14-A2EA-F659AF5301AF}.Debug|Any CPU.ActiveCfg = Debug|Any CPU
		{D6B04D04-2501-4E14-A2EA-F659AF5301AF}.Debug|Any CPU.Build.0 = Debug|Any CPU
		{D6B04D04-2501-4E14-A2EA-F659AF5301AF}.Release|Any CPU.ActiveCfg = Release|Any CPU
		{D6B04D04-2501-4E14-A2EA-F659AF5301AF}.Release|Any CPU.Build.0 = Release|Any CPU
		{30CB86E5-E493-455D-94EA-4CCAA37A80A8}.Debug|Any CPU.ActiveCfg = Debug|Any CPU
		{30CB86E5-E493-455D-94EA-4CCAA37A80A8}.Debug|Any CPU.Build.0 = Debug|Any CPU
		{30CB86E5-E493-455D-94EA-4CCAA37A80A8}.Release|Any CPU.ActiveCfg = Release|Any CPU
		{30CB86E5-E493-455D-94EA-4CCAA37A80A8}.Release|Any CPU.Build.0 = Release|Any CPU
		{6B99DCD3-94EA-446D-B48D-11558DA95263}.Debug|Any CPU.ActiveCfg = Debug|Any CPU
		{6B99DCD3-94EA-446D-B48D-11558DA95263}.Debug|Any CPU.Build.0 = Debug|Any CPU
		{6B99DCD3-94EA-446D-B48D-11558DA95263}.Release|Any CPU.ActiveCfg = Release|Any CPU
		{6B99DCD3-94EA-446D-B48D-11558DA95263}.Release|Any CPU.Build.0 = Release|Any CPU
	EndGlobalSection
	GlobalSection(SolutionProperties) = preSolution
		HideSolutionNode = FALSE
	EndGlobalSection
	GlobalSection(ExtensibilityGlobals) = postSolution
		SolutionGuid = {776AE728-A438-4BEF-AA09-1CD5B53EB24A}
	EndGlobalSection
EndGlobal
